
Microsoft Visual Studio Solution File, Format Version 12.00
# Visual Studio 15
VisualStudioVersion = 15.0.27004.2005
MinimumVisualStudioVersion = 10.0.40219.1
Project("{FAE04EC0-301F-11D3-BF4B-00C04F79EFBC}") = "WindowsIdentityEFCoreSlowdown", "WindowsIdentityEFCoreSlowdown\WindowsIdentityEFCoreSlowdown.csproj", "{755639E8-DF9E-4C53-831B-C845CCAC9F4A}"
EndProject
Global
	GlobalSection(SolutionConfigurationPlatforms) = preSolution
		Debug|Any CPU = Debug|Any CPU
		Release|Any CPU = Release|Any CPU
	EndGlobalSection
	GlobalSection(ProjectConfigurationPlatforms) = postSolution
		{755639E8-DF9E-4C53-831B-C845CCAC9F4A}.Debug|Any CPU.ActiveCfg = Debug|Any CPU
		{755639E8-DF9E-4C53-831B-C845CCAC9F4A}.Debug|Any CPU.Build.0 = Debug|Any CPU
		{755639E8-DF9E-4C53-831B-C845CCAC9F4A}.Release|Any CPU.ActiveCfg = Release|Any CPU
		{755639E8-DF9E-4C53-831B-C845CCAC9F4A}.Release|Any CPU.Build.0 = Release|Any CPU
	EndGlobalSection
	GlobalSection(SolutionProperties) = preSolution
		HideSolutionNode = FALSE
	EndGlobalSection
	GlobalSection(ExtensibilityGlobals) = postSolution
		SolutionGuid = {B7E4E70D-0C1D-4695-853B-7FD3952BA03B}
	EndGlobalSection
EndGlobal
